
Microsoft Visual Studio Solution File, Format Version 12.00
# Visual Studio Version 17
VisualStudioVersion = 17.9.34622.214
MinimumVisualStudioVersion = 10.0.40219.1
Project("{F184B08F-C81C-45F6-A57F-5ABD9991F28F}") = "Calculator", "Calculator\Calculator.vbproj", "{D47285FA-0E80-4A8A-8E21-529895C447F3}"
EndProject
Global
	GlobalSection(SolutionConfigurationPlatforms) = preSolution
		Debug|Any CPU = Debug|Any CPU
		Release|Any CPU = Release|Any CPU
	EndGlobalSection
	GlobalSection(ProjectConfigurationPlatforms) = postSolution
		{D47285FA-0E80-4A8A-8E21-529895C447F3}.Debug|Any CPU.ActiveCfg = Debug|Any CPU
		{D47285FA-0E80-4A8A-8E21-529895C447F3}.Debug|Any CPU.Build.0 = Debug|Any CPU
		{D47285FA-0E80-4A8A-8E21-529895C447F3}.Release|Any CPU.ActiveCfg = Release|Any CPU
		{D47285FA-0E80-4A8A-8E21-529895C447F3}.Release|Any CPU.Build.0 = Release|Any CPU
	EndGlobalSection
	GlobalSection(SolutionProperties) = preSolution
		HideSolutionNode = FALSE
	EndGlobalSection
	GlobalSection(ExtensibilityGlobals) = postSolution
		SolutionGuid = {272BD791-16E5-4440-9EFC-5FE2F081B94A}
	EndGlobalSection
EndGlobal
